
Microsoft Visual Studio Solution File, Format Version 12.00
# Visual Studio Version 17
VisualStudioVersion = 17.0.31919.166
MinimumVisualStudioVersion = 10.0.40219.1
Project("{FAE04EC0-301F-11D3-BF4B-00C04F79EFBC}") = "Cipher", "Cipher\Cipher.csproj", "{96B9C797-8C18-4119-80F2-5B2ED4E55724}"
EndProject
Global
	GlobalSection(SolutionConfigurationPlatforms) = preSolution
		Debug|Any CPU = Debug|Any CPU
		Release|Any CPU = Release|Any CPU
	EndGlobalSection
	GlobalSection(ProjectConfigurationPlatforms) = postSolution
		{96B9C797-8C18-4119-80F2-5B2ED4E55724}.Debug|Any CPU.ActiveCfg = Debug|Any CPU
		{96B9C797-8C18-4119-80F2-5B2ED4E55724}.Debug|Any CPU.Build.0 = Debug|Any CPU
		{96B9C797-8C18-4119-80F2-5B2ED4E55724}.Release|Any CPU.ActiveCfg = Release|Any CPU
		{96B9C797-8C18-4119-80F2-5B2ED4E55724}.Release|Any CPU.Build.0 = Release|Any CPU
	EndGlobalSection
	GlobalSection(SolutionProperties) = preSolution
		HideSolutionNode = FALSE
	EndGlobalSection
	GlobalSection(ExtensibilityGlobals) = postSolution
		SolutionGuid = {A9DDC850-98F9-4654-B6E8-026446DFC15F}
	EndGlobalSection
EndGlobal
